
Microsoft Visual Studio Solution File, Format Version 12.00
# Visual Studio 2015
Project("{FAE04EC0-301F-11D3-BF4B-00C04F79EFBC}") = "VuforiaEditorTest", "VuforiaEditorTest.csproj", "{2E0FD212-3979-BD29-BB13-07E9657BE1E7}"
EndProject
Project("{FAE04EC0-301F-11D3-BF4B-00C04F79EFBC}") = "VuforiaEditorTest.Editor", "VuforiaEditorTest.Editor.csproj", "{EAD3F011-F35C-3031-05C1-7524226709A5}"
EndProject
Global
	GlobalSection(SolutionConfigurationPlatforms) = preSolution
		Debug|Any CPU = Debug|Any CPU
		Release|Any CPU = Release|Any CPU
	EndGlobalSection
	GlobalSection(ProjectConfigurationPlatforms) = postSolution
		{2E0FD212-3979-BD29-BB13-07E9657BE1E7}.Debug|Any CPU.ActiveCfg = Debug|Any CPU
		{2E0FD212-3979-BD29-BB13-07E9657BE1E7}.Debug|Any CPU.Build.0 = Debug|Any CPU
		{2E0FD212-3979-BD29-BB13-07E9657BE1E7}.Release|Any CPU.ActiveCfg = Release|Any CPU
		{2E0FD212-3979-BD29-BB13-07E9657BE1E7}.Release|Any CPU.Build.0 = Release|Any CPU
		{EAD3F011-F35C-3031-05C1-7524226709A5}.Debug|Any CPU.ActiveCfg = Debug|Any CPU
		{EAD3F011-F35C-3031-05C1-7524226709A5}.Debug|Any CPU.Build.0 = Debug|Any CPU
		{EAD3F011-F35C-3031-05C1-7524226709A5}.Release|Any CPU.ActiveCfg = Release|Any CPU
		{EAD3F011-F35C-3031-05C1-7524226709A5}.Release|Any CPU.Build.0 = Release|Any CPU
	EndGlobalSection
	GlobalSection(SolutionProperties) = preSolution
		HideSolutionNode = FALSE
	EndGlobalSection
EndGlobal
